#MicroXplorer Configuration settings - do not modify
File.Version=6
I2C1.I2C_Speed_Mode=I2C_Standard
I2C1.IPParameters=Timing,Speed,I2C_Speed_Mode
I2C1.Speed=100
I2C1.Timing=0x2000090E
KeepUserPlacement=false
Mcu.Family=STM32F0
Mcu.IP0=I2C1
Mcu.IP1=NVIC
Mcu.IP2=RCC
Mcu.IP3=SYS
Mcu.IP4=TIM1
Mcu.IP5=USART1
Mcu.IPNb=6
Mcu.Name=STM32F030K6Tx
Mcu.Package=LQFP32
Mcu.Pin0=PF0-OSC_IN
Mcu.Pin1=PF1-OSC_OUT
Mcu.Pin10=PB0
Mcu.Pin11=PB1
Mcu.Pin12=PA8
Mcu.Pin13=PA9
Mcu.Pin14=PA10
Mcu.Pin15=PA11
Mcu.Pin16=PA12
Mcu.Pin17=PA13
Mcu.Pin18=PA14
Mcu.Pin19=PA15
Mcu.Pin2=PA0
Mcu.Pin20=PB3
Mcu.Pin21=PB4
Mcu.Pin22=PB5
Mcu.Pin23=PB6
Mcu.Pin24=PB7
Mcu.Pin25=VP_SYS_VS_Systick
Mcu.Pin26=VP_TIM1_VS_ClockSourceINT
Mcu.Pin3=PA1
Mcu.Pin4=PA2
Mcu.Pin5=PA3
Mcu.Pin6=PA4
Mcu.Pin7=PA5
Mcu.Pin8=PA6
Mcu.Pin9=PA7
Mcu.PinsNb=27
Mcu.UserConstants=
Mcu.UserName=STM32F030K6Tx
MxCube.Version=4.15.1
MxDb.Version=DB.4.0.151
NVIC.HardFault_IRQn=true\:0\:0\:false\:false\:true
NVIC.I2C1_IRQn=true\:0\:0\:false\:false\:true
NVIC.NonMaskableInt_IRQn=true\:0\:0\:false\:false\:true
NVIC.PendSV_IRQn=true\:0\:0\:false\:false\:true
NVIC.SVC_IRQn=true\:0\:0\:false\:false\:true
NVIC.SysTick_IRQn=true\:0\:0\:false\:false\:true
PA0.GPIOParameters=GPIO_Label
PA0.GPIO_Label=SEG_a
PA0.Signal=GPIO_Output
PA1.GPIOParameters=GPIO_Label
PA1.GPIO_Label=SEG_b
PA1.Signal=GPIO_Output
PA10.GPIOParameters=GPIO_Label
PA10.GPIO_Label=SDA
PA10.Mode=I2C
PA10.Signal=I2C1_SDA
PA11.GPIOParameters=GPIO_PuPd,GPIO_Label
PA11.GPIO_Label=KBD
PA11.GPIO_PuPd=GPIO_PULLUP
PA11.Signal=GPIO_Input
PA12.GPIOParameters=GPIO_PuPd,GPIO_Label
PA12.GPIO_Label=POWER_KEY
PA12.GPIO_PuPd=GPIO_PULLUP
PA12.Signal=GPIO_Input
PA13.GPIOParameters=GPIO_Label
PA13.GPIO_Label=DIG3
PA13.Signal=GPIO_Output
PA14.GPIOParameters=GPIO_Label
PA14.GPIO_Label=DQ_TX
PA14.Mode=Asynchronous
PA14.Signal=USART1_TX
PA15.GPIOParameters=GPIO_Label
PA15.GPIO_Label=DQ
PA15.Mode=Asynchronous
PA15.Signal=USART1_RX
PA2.GPIOParameters=GPIO_Label
PA2.GPIO_Label=SEG_c
PA2.Signal=GPIO_Output
PA3.GPIOParameters=GPIO_Label
PA3.GPIO_Label=SEG_d
PA3.Signal=GPIO_Output
PA4.GPIOParameters=GPIO_Label
PA4.GPIO_Label=SEG_e
PA4.Signal=GPIO_Output
PA5.GPIOParameters=GPIO_Label
PA5.GPIO_Label=SEG_f
PA5.Signal=GPIO_Output
PA6.GPIOParameters=GPIO_Label
PA6.GPIO_Label=SEG_g
PA6.Signal=GPIO_Output
PA7.GPIOParameters=GPIO_Label
PA7.GPIO_Label=DP
PA7.Signal=GPIO_Output
PA8.Signal=S_TIM1_CH1
PA9.GPIOParameters=GPIO_Label
PA9.GPIO_Label=SCL
PA9.Mode=I2C
PA9.Signal=I2C1_SCL
PB0.GPIOParameters=GPIO_Label
PB0.GPIO_Label=DIG1
PB0.Signal=GPIO_Output
PB1.GPIOParameters=GPIO_Label
PB1.GPIO_Label=DIG2
PB1.Signal=GPIO_Output
PB3.GPIOParameters=GPIO_Label
PB3.GPIO_Label=DIG4
PB3.Signal=GPIO_Output
PB4.GPIOParameters=GPIO_Label
PB4.GPIO_Label=DIG5
PB4.Signal=GPIO_Output
PB5.GPIOParameters=GPIO_Label
PB5.GPIO_Label=DIG6
PB5.Signal=GPIO_Output
PB6.GPIOParameters=GPIO_Label
PB6.GPIO_Label=IND1
PB6.Signal=GPIO_Output
PB7.GPIOParameters=GPIO_Label
PB7.GPIO_Label=IND2
PB7.Signal=GPIO_Output
PCC.Checker=false
PCC.Line=STM32F0x0 Value Line
PCC.MCU=STM32F030K6Tx
PCC.MXVersion=4.15.1
PCC.PartNumber=STM32F030K6Tx
PCC.Seq0=0
PCC.Series=STM32F0
PCC.Temperature=25
PCC.Vdd=3.6
PF0-OSC_IN.Mode=HSE-External-Oscillator
PF0-OSC_IN.Signal=RCC_OSC_IN
PF1-OSC_OUT.Mode=HSE-External-Oscillator
PF1-OSC_OUT.Signal=RCC_OSC_OUT
RCC.AHBFreq_Value=48000000
RCC.APB1Freq_Value=48000000
RCC.APB1TimFreq_Value=48000000
RCC.FCLKCortexFreq_Value=48000000
RCC.FamilyName=M
RCC.HCLKFreq_Value=48000000
RCC.I2C1Freq_Value=8000000
RCC.IPParameters=AHBFreq_Value,APB1Freq_Value,APB1TimFreq_Value,FCLKCortexFreq_Value,FamilyName,HCLKFreq_Value,I2C1Freq_Value,MCOFreq_Value,PLLCLKFreq_Value,PLLMCOFreq_Value,PLLMUL,SYSCLKFreq_VALUE,SYSCLKSource,TimSysFreq_Value,USART1Freq_Value,VDD_VALUE
RCC.MCOFreq_Value=48000000
RCC.PLLCLKFreq_Value=48000000
RCC.PLLMCOFreq_Value=48000000
RCC.PLLMUL=RCC_PLL_MUL12
RCC.SYSCLKFreq_VALUE=48000000
RCC.SYSCLKSource=RCC_SYSCLKSOURCE_PLLCLK
RCC.TimSysFreq_Value=48000000
RCC.USART1Freq_Value=48000000
RCC.VDD_VALUE=3.3
SH.S_TIM1_CH1.0=TIM1_CH1,Output Compare1 CH1
SH.S_TIM1_CH1.ConfNb=1
VP_SYS_VS_Systick.Mode=SysTick
VP_SYS_VS_Systick.Signal=SYS_VS_Systick
VP_TIM1_VS_ClockSourceINT.Mode=Internal
VP_TIM1_VS_ClockSourceINT.Signal=TIM1_VS_ClockSourceINT
